{
  "name": "installlens-example-only",
  "version": "0.0.0",
  "lockfileVersion": 3,
  "packages": {
    "": {
      "name": "installlens-example-only",
      "version": "0.0.0",
      "dependencies": {
        "@demo/native": "1.0.0",
        "@demo/plain": "1.0.0"
      }
    },
    "node_modules/@demo/native": {
      "version": "1.0.0",
      "resolved": "https://registry.npmjs.org/@demo/native/-/native-1.0.0.tgz",
      "integrity": "sha512-ILLUSTRATIVE-NOT-A-REAL-HASH",
      "hasInstallScript": true
    },
    "node_modules/@demo/plain": {
      "version": "1.0.0",
      "resolved": "https://registry.npmjs.org/@demo/plain/-/plain-1.0.0.tgz",
      "integrity": "sha512-ILLUSTRATIVE-NOT-A-REAL-HASH"
    },
    "node_modules/@demo/git-source": {
      "version": "1.0.0",
      "resolved": "git+https://example.test/git-source.git"
    },
    "node_modules/@demo/remote": {
      "version": "1.0.0",
      "resolved": "https://downloads.example.test/remote.tgz"
    },
    "node_modules/@demo/missing-integrity": {
      "version": "1.0.0",
      "resolved": "https://registry.npmjs.org/@demo/missing-integrity/-/missing-integrity-1.0.0.tgz"
    }
  }
}
